// !$*UTF8*$!
{
	archiveVersion = 1;
	classes = {
	};
	objectVersion = 56;
	objects = {

/* Begin PBXBuildFile section */
		2AD52F0E2A31360200416196 /* AppDelegate.swift in Sources */ = {isa = PBXBuildFile; fileRef = 2AD52F0D2A31360200416196 /* AppDelegate.swift */; };
		2AD52F102A31360200416196 /* SceneDelegate.swift in Sources */ = {isa = PBXBuildFile; fileRef = 2AD52F0F2A31360200416196 /* SceneDelegate.swift */; };
		2AD52F122A31360200416196 /* MainViewController.swift in Sources */ = {isa = PBXBuildFile; fileRef = 2AD52F112A31360200416196 /* MainViewController.swift */; };
		2AD52F172A31360300416196 /* Assets.xcassets in Resources */ = {isa = PBXBuildFile; fileRef = 2AD52F162A31360300416196 /* Assets.xcassets */; };
		2AD52F1A2A31360300416196 /* LaunchScreen.storyboard in Resources */ = {isa = PBXBuildFile; fileRef = 2AD52F182A31360300416196 /* LaunchScreen.storyboard */; };
		2AD52F232A3136EE00416196 /* SecondViewController.swift in Sources */ = {isa = PBXBuildFile; fileRef = 2AD52F222A3136EE00416196 /* SecondViewController.swift */; };
		2AD52F262A313AAE00416196 /* MainTableViewCell.swift in Sources */ = {isa = PBXBuildFile; fileRef = 2AD52F252A313AAE00416196 /* MainTableViewCell.swift */; };
		2AD52F2B2A313C0A00416196 /* SnapKit in Frameworks */ = {isa = PBXBuildFile; productRef = 2AD52F2A2A313C0A00416196 /* SnapKit */; };
		2AD52F2D2A31423100416196 /* Catalog.swift in Sources */ = {isa = PBXBuildFile; fileRef = 2AD52F2C2A31423100416196 /* Catalog.swift */; };
		2AD52F2F2A3153C900416196 /* ThirdViewController.swift in Sources */ = {isa = PBXBuildFile; fileRef = 2AD52F2E2A3153C900416196 /* ThirdViewController.swift */; };
/* End PBXBuildFile section */

/* Begin PBXFileReference section */
		2AD52F0A2A31360200416196 /* 3m7hw.app */ = {isa = PBXFileReference; explicitFileType = wrapper.application; includeInIndex = 0; path = 3m7hw.app; sourceTree = BUILT_PRODUCTS_DIR; };
		2AD52F0D2A31360200416196 /* AppDelegate.swift */ = {isa = PBXFileReference; lastKnownFileType = sourcecode.swift; path = AppDelegate.swift; sourceTree = "<group>"; };
		2AD52F0F2A31360200416196 /* SceneDelegate.swift */ = {isa = PBXFileReference; lastKnownFileType = sourcecode.swift; path = SceneDelegate.swift; sourceTree = "<group>"; };
		2AD52F112A31360200416196 /* MainViewController.swift */ = {isa = PBXFileReference; lastKnownFileType = sourcecode.swift; path = MainViewController.swift; sourceTree = "<group>"; };
		2AD52F162A31360300416196 /* Assets.xcassets */ = {isa = PBXFileReference; lastKnownFileType = folder.assetcatalog; path = Assets.xcassets; sourceTree = "<group>"; };
		2AD52F192A31360300416196 /* Base */ = {isa = PBXFileReference; lastKnownFileType = file.storyboard; name = Base; path = Base.lproj/LaunchScreen.storyboard; sourceTree = "<group>"; };
		2AD52F1B2A31360300416196 /* Info.plist */ = {isa = PBXFileReference; lastKnownFileType = text.plist.xml; path = Info.plist; sourceTree = "<group>"; };
		2AD52F222A3136EE00416196 /* SecondViewController.swift */ = {isa = PBXFileReference; lastKnownFileType = sourcecode.swift; path = SecondViewController.swift; sourceTree = "<group>"; };
		2AD52F252A313AAE00416196 /* MainTableViewCell.swift */ = {isa = PBXFileReference; lastKnownFileType = sourcecode.swift; path = MainTableViewCell.swift; sourceTree = "<group>"; };
		2AD52F2C2A31423100416196 /* Catalog.swift */ = {isa = PBXFileReference; lastKnownFileType = sourcecode.swift; path = Catalog.swift; sourceTree = "<group>"; };
		2AD52F2E2A3153C900416196 /* ThirdViewController.swift */ = {isa = PBXFileReference; lastKnownFileType = sourcecode.swift; path = ThirdViewController.swift; sourceTree = "<group>"; };
/* End PBXFileReference section */

/* Begin PBXFrameworksBuildPhase section */
		2AD52F072A31360200416196 /* Frameworks */ = {
			isa = PBXFrameworksBuildPhase;
			buildActionMask = 2147483647;
			files = (
				2AD52F2B2A313C0A00416196 /* SnapKit in Frameworks */,
			);
			runOnlyForDeploymentPostprocessing = 0;
		};
/* End PBXFrameworksBuildPhase section */

/* Begin PBXGroup section */
		2AD52F012A31360200416196 = {
			isa = PBXGroup;
			children = (
				2AD52F0C2A31360200416196 /* 3m7hw */,
				2AD52F0B2A31360200416196 /* Products */,
			);
			sourceTree = "<group>";
		};
		2AD52F0B2A31360200416196 /* Products */ = {
			isa = PBXGroup;
			children = (
				2AD52F0A2A31360200416196 /* 3m7hw.app */,
			);
			name = Products;
			sourceTree = "<group>";
		};
		2AD52F0C2A31360200416196 /* 3m7hw */ = {
			isa = PBXGroup;
			children = (
				2AD52F212A31367400416196 /* ViewControllers */,
				2AD52F242A313A7000416196 /* Cells */,
				2AD52F0D2A31360200416196 /* AppDelegate.swift */,
				2AD52F0F2A31360200416196 /* SceneDelegate.swift */,
				2AD52F162A31360300416196 /* Assets.xcassets */,
				2AD52F182A31360300416196 /* LaunchScreen.storyboard */,
				2AD52F1B2A31360300416196 /* Info.plist */,
				2AD52F2C2A31423100416196 /* Catalog.swift */,
			);
			path = 3m7hw;
			sourceTree = "<group>";
		};
		2AD52F212A31367400416196 /* ViewControllers */ = {
			isa = PBXGroup;
			children = (
				2AD52F112A31360200416196 /* MainViewController.swift */,
				2AD52F222A3136EE00416196 /* SecondViewController.swift */,
				2AD52F2E2A3153C900416196 /* ThirdViewController.swift */,
			);
			path = ViewControllers;
			sourceTree = "<group>";
		};
		2AD52F242A313A7000416196 /* Cells */ = {
			isa = PBXGroup;
			children = (
				2AD52F252A313AAE00416196 /* MainTableViewCell.swift */,
			);
			path = Cells;
			sourceTree = "<group>";
		};
/* End PBXGroup section */

/* Begin PBXNativeTarget section */
		2AD52F092A31360200416196 /* 3m7hw */ = {
			isa = PBXNativeTarget;
			buildConfigurationList = 2AD52F1E2A31360300416196 /* Build configuration list for PBXNativeTarget "3m7hw" */;
			buildPhases = (
				2AD52F062A31360200416196 /* Sources */,
				2AD52F072A31360200416196 /* Frameworks */,
				2AD52F082A31360200416196 /* Resources */,
			);
			buildRules = (
			);
			dependencies = (
			);
			name = 3m7hw;
			packageProductDependencies = (
				2AD52F2A2A313C0A00416196 /* SnapKit */,
			);
			productName = 3m7hw;
			productReference = 2AD52F0A2A31360200416196 /* 3m7hw.app */;
			productType = "com.apple.product-type.application";
		};
/* End PBXNativeTarget section */

/* Begin PBXProject section */
		2AD52F022A31360200416196 /* Project object */ = {
			isa = PBXProject;
			attributes = {
				BuildIndependentTargetsInParallel = 1;
				LastSwiftUpdateCheck = 1420;
				LastUpgradeCheck = 1420;
				TargetAttributes = {
					2AD52F092A31360200416196 = {
						CreatedOnToolsVersion = 14.2;
					};
				};
			};
			buildConfigurationList = 2AD52F052A31360200416196 /* Build configuration list for PBXProject "3m7hw" */;
			compatibilityVersion = "Xcode 14.0";
			developmentRegion = en;
			hasScannedForEncodings = 0;
			knownRegions = (
				en,
				Base,
			);
			mainGroup = 2AD52F012A31360200416196;
			packageReferences = (
				2AD52F292A313C0A00416196 /* XCRemoteSwiftPackageReference "SnapKit" */,
			);
			productRefGroup = 2AD52F0B2A31360200416196 /* Products */;
			projectDirPath = "";
			projectRoot = "";
			targets = (
				2AD52F092A31360200416196 /* 3m7hw */,
			);
		};
/* End PBXProject section */

/* Begin PBXResourcesBuildPhase section */
		2AD52F082A31360200416196 /* Resources */ = {
			isa = PBXResourcesBuildPhase;
			buildActionMask = 2147483647;
			files = (
				2AD52F1A2A31360300416196 /* LaunchScreen.storyboard in Resources */,
				2AD52F172A31360300416196 /* Assets.xcassets in Resources */,
			);
			runOnlyForDeploymentPostprocessing = 0;
		};
/* End PBXResourcesBuildPhase section */

/* Begin PBXSourcesBuildPhase section */
		2AD52F062A31360200416196 /* Sources */ = {
			isa = PBXSourcesBuildPhase;
			buildActionMask = 2147483647;
			files = (
				2AD52F232A3136EE00416196 /* SecondViewController.swift in Sources */,
				2AD52F122A31360200416196 /* MainViewController.swift in Sources */,
				2AD52F0E2A31360200416196 /* AppDelegate.swift in Sources */,
				2AD52F2F2A3153C900416196 /* ThirdViewController.swift in Sources */,
				2AD52F2D2A31423100416196 /* Catalog.swift in Sources */,
				2AD52F102A31360200416196 /* SceneDelegate.swift in Sources */,
				2AD52F262A313AAE00416196 /* MainTableViewCell.swift in Sources */,
			);
			runOnlyForDeploymentPostprocessing = 0;
		};
/* End PBXSourcesBuildPhase section */

/* Begin PBXVariantGroup section */
		2AD52F182A31360300416196 /* LaunchScreen.storyboard */ = {
			isa = PBXVariantGroup;
			children = (
				2AD52F192A31360300416196 /* Base */,
			);
			name = LaunchScreen.storyboard;
			sourceTree = "<group>";
		};
/* End PBXVariantGroup section */

/* Begin XCBuildConfiguration section */
		2AD52F1C2A31360300416196 /* Debug */ = {
			isa = XCBuildConfiguration;
			buildSettings = {
				ALWAYS_SEARCH_USER_PATHS = NO;
				CLANG_ANALYZER_NONNULL = YES;
				CLANG_ANALYZER_NUMBER_OBJECT_CONVERSION = YES_AGGRESSIVE;
				CLANG_CXX_LANGUAGE_STANDARD = "gnu++20";
				CLANG_ENABLE_MODULES = YES;
				CLANG_ENABLE_OBJC_ARC = YES;
				CLANG_ENABLE_OBJC_WEAK = YES;
				CLANG_WARN_BLOCK_CAPTURE_AUTORELEASING = YES;
				CLANG_WARN_BOOL_CONVERSION = YES;
				CLANG_WARN_COMMA = YES;
				CLANG_WARN_CONSTANT_CONVERSION = YES;
				CLANG_WARN_DEPRECATED_OBJC_IMPLEMENTATIONS = YES;
				CLANG_WARN_DIRECT_OBJC_ISA_USAGE = YES_ERROR;
				CLANG_WARN_DOCUMENTATION_COMMENTS = YES;
				CLANG_WARN_EMPTY_BODY = YES;
				CLANG_WARN_ENUM_CONVERSION = YES;
				CLANG_WARN_INFINITE_RECURSION = YES;
				CLANG_WARN_INT_CONVERSION = YES;
				CLANG_WARN_NON_LITERAL_NULL_CONVERSION = YES;
				CLANG_WARN_OBJC_IMPLICIT_RETAIN_SELF = YES;
				CLANG_WARN_OBJC_LITERAL_CONVERSION = YES;
				CLANG_WARN_OBJC_ROOT_CLASS = YES_ERROR;
				CLANG_WARN_QUOTED_INCLUDE_IN_FRAMEWORK_HEADER = YES;
				CLANG_WARN_RANGE_LOOP_ANALYSIS = YES;
				CLANG_WARN_STRICT_PROTOTYPES = YES;
				CLANG_WARN_SUSPICIOUS_MOVE = YES;
				CLANG_WARN_UNGUARDED_AVAILABILITY = YES_AGGRESSIVE;
				CLANG_WARN_UNREACHABLE_CODE = YES;
				CLANG_WARN__DUPLICATE_METHOD_MATCH = YES;
				COPY_PHASE_STRIP = NO;
				DEBUG_INFORMATION_FORMAT = dwarf;
				ENABLE_STRICT_OBJC_MSGSEND = YES;
				ENABLE_TESTABILITY = YES;
				GCC_C_LANGUAGE_STANDARD = gnu11;
				GCC_DYNAMIC_NO_PIC = NO;
				GCC_NO_COMMON_BLOCKS = YES;
				GCC_OPTIMIZATION_LEVEL = 0;
				GCC_PREPROCESSOR_DEFINITIONS = (
					"DEBUG=1",
					"$(inherited)",
				);
				GCC_WARN_64_TO_32_BIT_CONVERSION = YES;
				GCC_WARN_ABOUT_RETURN_TYPE = YES_ERROR;
				GCC_WARN_UNDECLARED_SELECTOR = YES;
				GCC_WARN_UNINITIALIZED_AUTOS = YES_AGGRESSIVE;
				GCC_WARN_UNUSED_FUNCTION = YES;
				GCC_WARN_UNUSED_VARIABLE = YES;
				IPHONEOS_DEPLOYMENT_TARGET = 16.2;
				MTL_ENABLE_DEBUG_INFO = INCLUDE_SOURCE;
				MTL_FAST_MATH = YES;
				ONLY_ACTIVE_ARCH = YES;
				SDKROOT = iphoneos;
				SWIFT_ACTIVE_COMPILATION_CONDITIONS = DEBUG;
				SWIFT_OPTIMIZATION_LEVEL = "-Onone";
			};
			name = Debug;
		};
		2AD52F1D2A31360300416196 /* Release */ = {
			isa = XCBuildConfiguration;
			buildSettings = {
				ALWAYS_SEARCH_USER_PATHS = NO;
				CLANG_ANALYZER_NONNULL = YES;
				CLANG_ANALYZER_NUMBER_OBJECT_CONVERSION = YES_AGGRESSIVE;
				CLANG_CXX_LANGUAGE_STANDARD = "gnu++20";
				CLANG_ENABLE_MODULES = YES;
				CLANG_ENABLE_OBJC_ARC = YES;
				CLANG_ENABLE_OBJC_WEAK = YES;
				CLANG_WARN_BLOCK_CAPTURE_AUTORELEASING = YES;
				CLANG_WARN_BOOL_CONVERSION = YES;
				CLANG_WARN_COMMA = YES;
				CLANG_WARN_CONSTANT_CONVERSION = YES;
				CLANG_WARN_DEPRECATED_OBJC_IMPLEMENTATIONS = YES;
				CLANG_WARN_DIRECT_OBJC_ISA_USAGE = YES_ERROR;
				CLANG_WARN_DOCUMENTATION_COMMENTS = YES;
				CLANG_WARN_EMPTY_BODY = YES;
				CLANG_WARN_ENUM_CONVERSION = YES;
				CLANG_WARN_INFINITE_RECURSION = YES;
				CLANG_WARN_INT_CONVERSION = YES;
				CLANG_WARN_NON_LITERAL_NULL_CONVERSION = YES;
				CLANG_WARN_OBJC_IMPLICIT_RETAIN_SELF = YES;
				CLANG_WARN_OBJC_LITERAL_CONVERSION = YES;
				CLANG_WARN_OBJC_ROOT_CLASS = YES_ERROR;
				CLANG_WARN_QUOTED_INCLUDE_IN_FRAMEWORK_HEADER = YES;
				CLANG_WARN_RANGE_LOOP_ANALYSIS = YES;
				CLANG_WARN_STRICT_PROTOTYPES = YES;
				CLANG_WARN_SUSPICIOUS_MOVE = YES;
				CLANG_WARN_UNGUARDED_AVAILABILITY = YES_AGGRESSIVE;
				CLANG_WARN_UNREACHABLE_CODE = YES;
				CLANG_WARN__DUPLICATE_METHOD_MATCH = YES;
				COPY_PHASE_STRIP = NO;
				DEBUG_INFORMATION_FORMAT = "dwarf-with-dsym";
				ENABLE_NS_ASSERTIONS = NO;
				ENABLE_STRICT_OBJC_MSGSEND = YES;
				GCC_C_LANGUAGE_STANDARD = gnu11;
				GCC_NO_COMMON_BLOCKS = YES;
				GCC_WARN_64_TO_32_BIT_CONVERSION = YES;
				GCC_WARN_ABOUT_RETURN_TYPE = YES_ERROR;
				GCC_WARN_UNDECLARED_SELECTOR = YES;
				GCC_WARN_UNINITIALIZED_AUTOS = YES_AGGRESSIVE;
				GCC_WARN_UNUSED_FUNCTION = YES;
				GCC_WARN_UNUSED_VARIABLE = YES;
				IPHONEOS_DEPLOYMENT_TARGET = 16.2;
				MTL_ENABLE_DEBUG_INFO = NO;
				MTL_FAST_MATH = YES;
				SDKROOT = iphoneos;
				SWIFT_COMPILATION_MODE = wholemodule;
				SWIFT_OPTIMIZATION_LEVEL = "-O";
				VALIDATE_PRODUCT = YES;
			};
			name = Release;
		};
		2AD52F1F2A31360300416196 /* Debug */ = {
			isa = XCBuildConfiguration;
			buildSettings = {
				ASSETCATALOG_COMPILER_APPICON_NAME = AppIcon;
				ASSETCATALOG_COMPILER_GLOBAL_ACCENT_COLOR_NAME = AccentColor;
				CODE_SIGN_STYLE = Automatic;
				CURRENT_PROJECT_VERSION = 1;
				GENERATE_INFOPLIST_FILE = YES;
				INFOPLIST_FILE = 3m7hw/Info.plist;
				INFOPLIST_KEY_UIApplicationSupportsIndirectInputEvents = YES;
				INFOPLIST_KEY_UILaunchStoryboardName = LaunchScreen;
				INFOPLIST_KEY_UISupportedInterfaceOrientations_iPad = "UIInterfaceOrientationPortrait UIInterfaceOrientationPortraitUpsideDown UIInterfaceOrientationLandscapeLeft UIInterfaceOrientationLandscapeRight";
				INFOPLIST_KEY_UISupportedInterfaceOrientations_iPhone = "UIInterfaceOrientationPortrait UIInterfaceOrientationLandscapeLeft UIInterfaceOrientationLandscapeRight";
				LD_RUNPATH_SEARCH_PATHS = (
					"$(inherited)",
					"@executable_path/Frameworks",
				);
				MARKETING_VERSION = 1.0;
				PRODUCT_BUNDLE_IDENTIFIER = "-23.-m7hw";
				PRODUCT_NAME = "$(TARGET_NAME)";
				SWIFT_EMIT_LOC_STRINGS = YES;
				SWIFT_VERSION = 5.0;
				TARGETED_DEVICE_FAMILY = "1,2";
			};
			name = Debug;
		};
		2AD52F202A31360300416196 /* Release */ = {
			isa = XCBuildConfiguration;
			buildSettings = {
				ASSETCATALOG_COMPILER_APPICON_NAME = AppIcon;
				ASSETCATALOG_COMPILER_GLOBAL_ACCENT_COLOR_NAME = AccentColor;
				CODE_SIGN_STYLE = Automatic;
				CURRENT_PROJECT_VERSION = 1;
				GENERATE_INFOPLIST_FILE = YES;
				INFOPLIST_FILE = 3m7hw/Info.plist;
				INFOPLIST_KEY_UIApplicationSupportsIndirectInputEvents = YES;
				INFOPLIST_KEY_UILaunchStoryboardName = LaunchScreen;
				INFOPLIST_KEY_UISupportedInterfaceOrientations_iPad = "UIInterfaceOrientationPortrait UIInterfaceOrientationPortraitUpsideDown UIInterfaceOrientationLandscapeLeft UIInterfaceOrientationLandscapeRight";
				INFOPLIST_KEY_UISupportedInterfaceOrientations_iPhone = "UIInterfaceOrientationPortrait UIInterfaceOrientationLandscapeLeft UIInterfaceOrientationLandscapeRight";
				LD_RUNPATH_SEARCH_PATHS = (
					"$(inherited)",
					"@executable_path/Frameworks",
				);
				MARKETING_VERSION = 1.0;
				PRODUCT_BUNDLE_IDENTIFIER = "-23.-m7hw";
				PRODUCT_NAME = "$(TARGET_NAME)";
				SWIFT_EMIT_LOC_STRINGS = YES;
				SWIFT_VERSION = 5.0;
				TARGETED_DEVICE_FAMILY = "1,2";
			};
			name = Release;
		};
/* End XCBuildConfiguration section */

/* Begin XCConfigurationList section */
		2AD52F052A31360200416196 /* Build configuration list for PBXProject "3m7hw" */ = {
			isa = XCConfigurationList;
			buildConfigurations = (
				2AD52F1C2A31360300416196 /* Debug */,
				2AD52F1D2A31360300416196 /* Release */,
			);
			defaultConfigurationIsVisible = 0;
			defaultConfigurationName = Release;
		};
		2AD52F1E2A31360300416196 /* Build configuration list for PBXNativeTarget "3m7hw" */ = {
			isa = XCConfigurationList;
			buildConfigurations = (
				2AD52F1F2A31360300416196 /* Debug */,
				2AD52F202A31360300416196 /* Release */,
			);
			defaultConfigurationIsVisible = 0;
			defaultConfigurationName = Release;
		};
/* End XCConfigurationList section */

/* Begin XCRemoteSwiftPackageReference section */
		2AD52F292A313C0A00416196 /* XCRemoteSwiftPackageReference "SnapKit" */ = {
			isa = XCRemoteSwiftPackageReference;
			repositoryURL = "https://github.com/SnapKit/SnapKit.git";
			requirement = {
				kind = upToNextMajorVersion;
				minimumVersion = 5.0.0;
			};
		};
/* End XCRemoteSwiftPackageReference section */

/* Begin XCSwiftPackageProductDependency section */
		2AD52F2A2A313C0A00416196 /* SnapKit */ = {
			isa = XCSwiftPackageProductDependency;
			package = 2AD52F292A313C0A00416196 /* XCRemoteSwiftPackageReference "SnapKit" */;
			productName = SnapKit;
		};
/* End XCSwiftPackageProductDependency section */
	};
	rootObject = 2AD52F022A31360200416196 /* Project object */;
}
